
Microsoft Visual Studio Solution File, Format Version 12.00
# Visual Studio Version 17
VisualStudioVersion = 17.5.002.0
MinimumVisualStudioVersion = 10.0.40219.1
Project("{9A19103F-16F7-4668-BE54-9A1E7A4F7556}") = "MeuApp", "MeuApp.csproj", "{0DA43C96-016E-4FF9-905A-06F256E610FB}"
EndProject
Global
	GlobalSection(SolutionConfigurationPlatforms) = preSolution
		Debug|Any CPU = Debug|Any CPU
		Release|Any CPU = Release|Any CPU
	EndGlobalSection
	GlobalSection(ProjectConfigurationPlatforms) = postSolution
		{0DA43C96-016E-4FF9-905A-06F256E610FB}.Debug|Any CPU.ActiveCfg = Debug|Any CPU
		{0DA43C96-016E-4FF9-905A-06F256E610FB}.Debug|Any CPU.Build.0 = Debug|Any CPU
		{0DA43C96-016E-4FF9-905A-06F256E610FB}.Release|Any CPU.ActiveCfg = Release|Any CPU
		{0DA43C96-016E-4FF9-905A-06F256E610FB}.Release|Any CPU.Build.0 = Release|Any CPU
	EndGlobalSection
	GlobalSection(SolutionProperties) = preSolution
		HideSolutionNode = FALSE
	EndGlobalSection
	GlobalSection(ExtensibilityGlobals) = postSolution
		SolutionGuid = {CAE50C9D-3AC3-478A-94BF-7B6E2406E17C}
	EndGlobalSection
EndGlobal
